# @generated - this file is auto-generated by `mise lock` https://mise.jdx.dev/dev-tools/mise-lock.html

[[tools."github:awslabs/soci-snapshotter"]]
version = "0.13.0"
backend = "github:awslabs/soci-snapshotter"

[tools."github:awslabs/soci-snapshotter"."platforms.linux-arm64"]
checksum = "sha256:1de992c840acb5c228bc030f06c3f59d036a29de5351958423bc19cbcbbbf090"
url = "https://github.com/awslabs/soci-snapshotter/releases/download/v0.13.0/soci-snapshotter-0.13.0-linux-arm64-static.tar.gz"
url_api = "https://api.github.com/repos/awslabs/soci-snapshotter/releases/assets/386567025"

[tools."github:awslabs/soci-snapshotter"."platforms.linux-arm64-musl"]
checksum = "sha256:1de992c840acb5c228bc030f06c3f59d036a29de5351958423bc19cbcbbbf090"
url = "https://github.com/awslabs/soci-snapshotter/releases/download/v0.13.0/soci-snapshotter-0.13.0-linux-arm64-static.tar.gz"
url_api = "https://api.github.com/repos/awslabs/soci-snapshotter/releases/assets/386567025"

[tools."github:awslabs/soci-snapshotter"."platforms.linux-x64"]
checksum = "sha256:f3548c48551c94e4592d33ee0fa8bd92ec0653e44ab6d6fbe12b5447a8b201e6"
url = "https://github.com/awslabs/soci-snapshotter/releases/download/v0.13.0/soci-snapshotter-0.13.0-linux-amd64-static.tar.gz"
url_api = "https://api.github.com/repos/awslabs/soci-snapshotter/releases/assets/386567020"

[tools."github:awslabs/soci-snapshotter"."platforms.linux-x64-musl"]
checksum = "sha256:f3548c48551c94e4592d33ee0fa8bd92ec0653e44ab6d6fbe12b5447a8b201e6"
url = "https://github.com/awslabs/soci-snapshotter/releases/download/v0.13.0/soci-snapshotter-0.13.0-linux-amd64-static.tar.gz"
url_api = "https://api.github.com/repos/awslabs/soci-snapshotter/releases/assets/386567020"

[[tools."github:containerd/nerdctl"]]
version = "2.2.2"
backend = "github:containerd/nerdctl"

[tools."github:containerd/nerdctl"."platforms.linux-arm64"]
checksum = "sha256:4e222d6be16d94052079a4773e04f21c82e07f9b5847163fed78396e6ad8eeb5"
url = "https://github.com/containerd/nerdctl/releases/download/v2.2.2/nerdctl-2.2.2-linux-arm64.tar.gz"
url_api = "https://api.github.com/repos/containerd/nerdctl/releases/assets/385428296"
provenance = "github-attestations"

[tools."github:containerd/nerdctl"."platforms.linux-arm64-musl"]
checksum = "sha256:4e222d6be16d94052079a4773e04f21c82e07f9b5847163fed78396e6ad8eeb5"
url = "https://github.com/containerd/nerdctl/releases/download/v2.2.2/nerdctl-2.2.2-linux-arm64.tar.gz"
url_api = "https://api.github.com/repos/containerd/nerdctl/releases/assets/385428296"
provenance = "github-attestations"

[tools."github:containerd/nerdctl"."platforms.linux-x64"]
checksum = "sha256:6f637760fb2875e3454e97c3de7438fd17281b5996908cbd8ee1c872b0653cc8"
url = "https://github.com/containerd/nerdctl/releases/download/v2.2.2/nerdctl-2.2.2-linux-amd64.tar.gz"
url_api = "https://api.github.com/repos/containerd/nerdctl/releases/assets/385428289"
provenance = "github-attestations"

[tools."github:containerd/nerdctl"."platforms.linux-x64-musl"]
checksum = "sha256:6f637760fb2875e3454e97c3de7438fd17281b5996908cbd8ee1c872b0653cc8"
url = "https://github.com/containerd/nerdctl/releases/download/v2.2.2/nerdctl-2.2.2-linux-amd64.tar.gz"
url_api = "https://api.github.com/repos/containerd/nerdctl/releases/assets/385428289"
provenance = "github-attestations"

[tools."github:containerd/nerdctl"."platforms.macos-arm64"]
checksum = "sha256:d1b1ee30bb43db46affb0309a611a6709c7a4ebf701e15b5d8c390db1853d724"
url = "https://github.com/containerd/nerdctl/releases/download/v2.2.2/nerdctl-2.2.2-go-mod-vendor.tar.gz"
url_api = "https://api.github.com/repos/containerd/nerdctl/releases/assets/385428286"
provenance = "github-attestations"

[tools."github:containerd/nerdctl"."platforms.macos-x64"]
checksum = "sha256:ae9174f75d6633182555ca98ea61090200697c2c88fe959cab93a1b8c476a810"
url = "https://github.com/containerd/nerdctl/releases/download/v2.2.2/nerdctl-2.2.2-freebsd-amd64.tar.gz"
url_api = "https://api.github.com/repos/containerd/nerdctl/releases/assets/385428291"
provenance = "github-attestations"

[tools."github:containerd/nerdctl"."platforms.windows-x64"]
checksum = "sha256:af5db5705cc7294a41f1d177c212a2de52f0d772171458d8560738196e5b45f0"
url = "https://github.com/containerd/nerdctl/releases/download/v2.2.2/nerdctl-2.2.2-windows-amd64.tar.gz"
url_api = "https://api.github.com/repos/containerd/nerdctl/releases/assets/385428304"
provenance = "github-attestations"

[[tools.go]]
version = "1.25.8"
backend = "core:go"

[tools.go."platforms.linux-arm64"]
checksum = "sha256:7d137f59f66bb93f40a6b2b11e713adc2a9d0c8d9ae581718e3fad19e5295dc7"
url = "https://dl.google.com/go/go1.25.8.linux-arm64.tar.gz"

[tools.go."platforms.linux-arm64-musl"]
checksum = "sha256:7d137f59f66bb93f40a6b2b11e713adc2a9d0c8d9ae581718e3fad19e5295dc7"
url = "https://dl.google.com/go/go1.25.8.linux-arm64.tar.gz"

[tools.go."platforms.linux-x64"]
checksum = "sha256:ceb5e041bbc3893846bd1614d76cb4681c91dadee579426cf21a63f2d7e03be6"
url = "https://dl.google.com/go/go1.25.8.linux-amd64.tar.gz"

[tools.go."platforms.linux-x64-musl"]
checksum = "sha256:ceb5e041bbc3893846bd1614d76cb4681c91dadee579426cf21a63f2d7e03be6"
url = "https://dl.google.com/go/go1.25.8.linux-amd64.tar.gz"

[tools.go."platforms.macos-arm64"]
checksum = "sha256:c6547959f5dbe8440bf3da972bd65ba900168de5e7ab01464fbdc7ac8375c21c"
url = "https://dl.google.com/go/go1.25.8.darwin-arm64.tar.gz"

[tools.go."platforms.macos-x64"]
checksum = "sha256:a0b8136598baf192af400051cee2481ffb407f4c113a81ff400896e26cbce9e4"
url = "https://dl.google.com/go/go1.25.8.darwin-amd64.tar.gz"

[tools.go."platforms.windows-x64"]
checksum = "sha256:8d4ed9a270b33df7a6d3ff3a5316e103e0042fcc4f0c9a80e40378700bab6794"
url = "https://dl.google.com/go/go1.25.8.windows-amd64.zip"

[[tools."go:golang.org/x/tools/cmd/deadcode"]]
version = "latest"
backend = "go:golang.org/x/tools/cmd/deadcode"

[[tools.golangci-lint]]
version = "2.11.4"
backend = "aqua:golangci/golangci-lint"

[tools.golangci-lint."platforms.linux-arm64"]
checksum = "sha256:3bcfa2e6f3d32b2bf5cd75eaa876447507025e0303698633f722a05331988db4"
url = "https://github.com/golangci/golangci-lint/releases/download/v2.11.4/golangci-lint-2.11.4-linux-arm64.tar.gz"

[tools.golangci-lint."platforms.linux-arm64-musl"]
checksum = "sha256:3bcfa2e6f3d32b2bf5cd75eaa876447507025e0303698633f722a05331988db4"
url = "https://github.com/golangci/golangci-lint/releases/download/v2.11.4/golangci-lint-2.11.4-linux-arm64.tar.gz"

[tools.golangci-lint."platforms.linux-x64"]
checksum = "sha256:200c5b7503f67b59a6743ccf32133026c174e272b930ee79aa2aa6f37aca7ef1"
url = "https://github.com/golangci/golangci-lint/releases/download/v2.11.4/golangci-lint-2.11.4-linux-amd64.tar.gz"

[tools.golangci-lint."platforms.linux-x64-musl"]
checksum = "sha256:200c5b7503f67b59a6743ccf32133026c174e272b930ee79aa2aa6f37aca7ef1"
url = "https://github.com/golangci/golangci-lint/releases/download/v2.11.4/golangci-lint-2.11.4-linux-amd64.tar.gz"

[tools.golangci-lint."platforms.macos-arm64"]
checksum = "sha256:02db2a2dae8b26812e53b0688a6f617e3ef1f489790e829ea22862cf76945675"
url = "https://github.com/golangci/golangci-lint/releases/download/v2.11.4/golangci-lint-2.11.4-darwin-arm64.tar.gz"

[tools.golangci-lint."platforms.macos-x64"]
checksum = "sha256:c900d4048db75d1edfd550fd11cf6a9b3008e7caa8e119fcddbc700412d63e60"
url = "https://github.com/golangci/golangci-lint/releases/download/v2.11.4/golangci-lint-2.11.4-darwin-amd64.tar.gz"

[tools.golangci-lint."platforms.windows-x64"]
checksum = "sha256:4932cfca5e75bf60fe1c576edf459e5e809e6644664a068185d64b84af3fad9e"
url = "https://github.com/golangci/golangci-lint/releases/download/v2.11.4/golangci-lint-2.11.4-windows-amd64.zip"

[[tools.shellcheck]]
version = "0.11.0"
backend = "aqua:koalaman/shellcheck"

[tools.shellcheck."platforms.linux-arm64"]
checksum = "sha256:12b331c1d2db6b9eb13cfca64306b1b157a86eb69db83023e261eaa7e7c14588"
url = "https://github.com/koalaman/shellcheck/releases/download/v0.11.0/shellcheck-v0.11.0.linux.aarch64.tar.xz"

[tools.shellcheck."platforms.linux-arm64-musl"]
checksum = "sha256:12b331c1d2db6b9eb13cfca64306b1b157a86eb69db83023e261eaa7e7c14588"
url = "https://github.com/koalaman/shellcheck/releases/download/v0.11.0/shellcheck-v0.11.0.linux.aarch64.tar.xz"

[tools.shellcheck."platforms.linux-x64"]
checksum = "sha256:8c3be12b05d5c177a04c29e3c78ce89ac86f1595681cab149b65b97c4e227198"
url = "https://github.com/koalaman/shellcheck/releases/download/v0.11.0/shellcheck-v0.11.0.linux.x86_64.tar.xz"

[tools.shellcheck."platforms.linux-x64-musl"]
checksum = "sha256:8c3be12b05d5c177a04c29e3c78ce89ac86f1595681cab149b65b97c4e227198"
url = "https://github.com/koalaman/shellcheck/releases/download/v0.11.0/shellcheck-v0.11.0.linux.x86_64.tar.xz"

[tools.shellcheck."platforms.macos-arm64"]
checksum = "sha256:56affdd8de5527894dca6dc3d7e0a99a873b0f004d7aabc30ae407d3f48b0a79"
url = "https://github.com/koalaman/shellcheck/releases/download/v0.11.0/shellcheck-v0.11.0.darwin.aarch64.tar.xz"

[tools.shellcheck."platforms.macos-x64"]
checksum = "sha256:3c89db4edcab7cf1c27bff178882e0f6f27f7afdf54e859fa041fca10febe4c6"
url = "https://github.com/koalaman/shellcheck/releases/download/v0.11.0/shellcheck-v0.11.0.darwin.x86_64.tar.xz"

[tools.shellcheck."platforms.windows-x64"]
checksum = "sha256:8a4e35ab0b331c85d73567b12f2a444df187f483e5079ceffa6bda1faa2e740e"
url = "https://github.com/koalaman/shellcheck/releases/download/v0.11.0/shellcheck-v0.11.0.zip"
